// !$*UTF8*$!
{
	archiveVersion = 1;
	classes = {
	};
	objectVersion = 56;
	objects = {

/* Begin PBXBuildFile section */
		07EBDCDA2B58F0C800A10A99 /* AppDelegate.swift in Sources */ = {isa = PBXBuildFile; fileRef = 07EBDCD92B58F0C800A10A99 /* AppDelegate.swift */; };
		07EBDCDC2B58F0C800A10A99 /* SceneDelegate.swift in Sources */ = {isa = PBXBuildFile; fileRef = 07EBDCDB2B58F0C800A10A99 /* SceneDelegate.swift */; };
		07EBDCDE2B58F0C800A10A99 /* HomeViewController.swift in Sources */ = {isa = PBXBuildFile; fileRef = 07EBDCDD2B58F0C800A10A99 /* HomeViewController.swift */; };
		07EBDCE32B58F0CA00A10A99 /* Assets.xcassets in Resources */ = {isa = PBXBuildFile; fileRef = 07EBDCE22B58F0CA00A10A99 /* Assets.xcassets */; };
		07EBDCE62B58F0CA00A10A99 /* LaunchScreen.storyboard in Resources */ = {isa = PBXBuildFile; fileRef = 07EBDCE42B58F0CA00A10A99 /* LaunchScreen.storyboard */; };
		07EBDCEF2B58F5E500A10A99 /* Coordinator.swift in Sources */ = {isa = PBXBuildFile; fileRef = 07EBDCEE2B58F5E500A10A99 /* Coordinator.swift */; };
		07EBDCF12B58F73900A10A99 /* AppCoordinator.swift in Sources */ = {isa = PBXBuildFile; fileRef = 07EBDCF02B58F73900A10A99 /* AppCoordinator.swift */; };
		07EBDCF42B58FB9300A10A99 /* TrackingViewController.swift in Sources */ = {isa = PBXBuildFile; fileRef = 07EBDCF32B58FB9300A10A99 /* TrackingViewController.swift */; };
		07EBDCF62B58FCED00A10A99 /* HomeCoordinator.swift in Sources */ = {isa = PBXBuildFile; fileRef = 07EBDCF52B58FCED00A10A99 /* HomeCoordinator.swift */; };
		07EBDCF82B58FFF700A10A99 /* TrackingCoordinator.swift in Sources */ = {isa = PBXBuildFile; fileRef = 07EBDCF72B58FFF700A10A99 /* TrackingCoordinator.swift */; };
		07EBDCFB2B5900D400A10A99 /* TestViewController.swift in Sources */ = {isa = PBXBuildFile; fileRef = 07EBDCFA2B5900D400A10A99 /* TestViewController.swift */; };
		07EBDCFE2B59010B00A10A99 /* SnapKit in Frameworks */ = {isa = PBXBuildFile; productRef = 07EBDCFD2B59010B00A10A99 /* SnapKit */; };
		07EBDD002B59070100A10A99 /* CalendarViewController.swift in Sources */ = {isa = PBXBuildFile; fileRef = 07EBDCFF2B59070100A10A99 /* CalendarViewController.swift */; };
		07EBDD022B59071900A10A99 /* CalendarCoordinator.swift in Sources */ = {isa = PBXBuildFile; fileRef = 07EBDD012B59071900A10A99 /* CalendarCoordinator.swift */; };
		07EBDD042B59095000A10A99 /* BlockCoordinator.swift in Sources */ = {isa = PBXBuildFile; fileRef = 07EBDD032B59095000A10A99 /* BlockCoordinator.swift */; };
		07EBDD062B59096C00A10A99 /* BlockViewController.swift in Sources */ = {isa = PBXBuildFile; fileRef = 07EBDD052B59096C00A10A99 /* BlockViewController.swift */; };
/* End PBXBuildFile section */

/* Begin PBXFileReference section */
		07EBDCD62B58F0C800A10A99 /* Coordinator-Lab.app */ = {isa = PBXFileReference; explicitFileType = wrapper.application; includeInIndex = 0; path = "Coordinator-Lab.app"; sourceTree = BUILT_PRODUCTS_DIR; };
		07EBDCD92B58F0C800A10A99 /* AppDelegate.swift */ = {isa = PBXFileReference; lastKnownFileType = sourcecode.swift; path = AppDelegate.swift; sourceTree = "<group>"; };
		07EBDCDB2B58F0C800A10A99 /* SceneDelegate.swift */ = {isa = PBXFileReference; lastKnownFileType = sourcecode.swift; path = SceneDelegate.swift; sourceTree = "<group>"; };
		07EBDCDD2B58F0C800A10A99 /* HomeViewController.swift */ = {isa = PBXFileReference; lastKnownFileType = sourcecode.swift; path = HomeViewController.swift; sourceTree = "<group>"; };
		07EBDCE22B58F0CA00A10A99 /* Assets.xcassets */ = {isa = PBXFileReference; lastKnownFileType = folder.assetcatalog; path = Assets.xcassets; sourceTree = "<group>"; };
		07EBDCE52B58F0CA00A10A99 /* Base */ = {isa = PBXFileReference; lastKnownFileType = file.storyboard; name = Base; path = Base.lproj/LaunchScreen.storyboard; sourceTree = "<group>"; };
		07EBDCE72B58F0CA00A10A99 /* Info.plist */ = {isa = PBXFileReference; lastKnownFileType = text.plist.xml; path = Info.plist; sourceTree = "<group>"; };
		07EBDCEE2B58F5E500A10A99 /* Coordinator.swift */ = {isa = PBXFileReference; lastKnownFileType = sourcecode.swift; path = Coordinator.swift; sourceTree = "<group>"; };
		07EBDCF02B58F73900A10A99 /* AppCoordinator.swift */ = {isa = PBXFileReference; lastKnownFileType = sourcecode.swift; path = AppCoordinator.swift; sourceTree = "<group>"; };
		07EBDCF32B58FB9300A10A99 /* TrackingViewController.swift */ = {isa = PBXFileReference; lastKnownFileType = sourcecode.swift; path = TrackingViewController.swift; sourceTree = "<group>"; };
		07EBDCF52B58FCED00A10A99 /* HomeCoordinator.swift */ = {isa = PBXFileReference; lastKnownFileType = sourcecode.swift; path = HomeCoordinator.swift; sourceTree = "<group>"; };
		07EBDCF72B58FFF700A10A99 /* TrackingCoordinator.swift */ = {isa = PBXFileReference; lastKnownFileType = sourcecode.swift; path = TrackingCoordinator.swift; sourceTree = "<group>"; };
		07EBDCFA2B5900D400A10A99 /* TestViewController.swift */ = {isa = PBXFileReference; lastKnownFileType = sourcecode.swift; path = TestViewController.swift; sourceTree = "<group>"; };
		07EBDCFF2B59070100A10A99 /* CalendarViewController.swift */ = {isa = PBXFileReference; lastKnownFileType = sourcecode.swift; path = CalendarViewController.swift; sourceTree = "<group>"; };
		07EBDD012B59071900A10A99 /* CalendarCoordinator.swift */ = {isa = PBXFileReference; lastKnownFileType = sourcecode.swift; path = CalendarCoordinator.swift; sourceTree = "<group>"; };
		07EBDD032B59095000A10A99 /* BlockCoordinator.swift */ = {isa = PBXFileReference; lastKnownFileType = sourcecode.swift; path = BlockCoordinator.swift; sourceTree = "<group>"; };
		07EBDD052B59096C00A10A99 /* BlockViewController.swift */ = {isa = PBXFileReference; lastKnownFileType = sourcecode.swift; path = BlockViewController.swift; sourceTree = "<group>"; };
/* End PBXFileReference section */

/* Begin PBXFrameworksBuildPhase section */
		07EBDCD32B58F0C800A10A99 /* Frameworks */ = {
			isa = PBXFrameworksBuildPhase;
			buildActionMask = 2147483647;
			files = (
				07EBDCFE2B59010B00A10A99 /* SnapKit in Frameworks */,
			);
			runOnlyForDeploymentPostprocessing = 0;
		};
/* End PBXFrameworksBuildPhase section */

/* Begin PBXGroup section */
		07EBDCCD2B58F0C800A10A99 = {
			isa = PBXGroup;
			children = (
				07EBDCD82B58F0C800A10A99 /* Coordinator-Lab */,
				07EBDCD72B58F0C800A10A99 /* Products */,
			);
			sourceTree = "<group>";
		};
		07EBDCD72B58F0C800A10A99 /* Products */ = {
			isa = PBXGroup;
			children = (
				07EBDCD62B58F0C800A10A99 /* Coordinator-Lab.app */,
			);
			name = Products;
			sourceTree = "<group>";
		};
		07EBDCD82B58F0C800A10A99 /* Coordinator-Lab */ = {
			isa = PBXGroup;
			children = (
				07EBDCD92B58F0C800A10A99 /* AppDelegate.swift */,
				07EBDCDB2B58F0C800A10A99 /* SceneDelegate.swift */,
				07EBDCE22B58F0CA00A10A99 /* Assets.xcassets */,
				07EBDCE42B58F0CA00A10A99 /* LaunchScreen.storyboard */,
				07EBDCE72B58F0CA00A10A99 /* Info.plist */,
				07EBDCF92B5900C200A10A99 /* Component */,
				07EBDCED2B58F5D500A10A99 /* Coordinator */,
				07EBDCF22B58F89100A10A99 /* ViewController */,
			);
			path = "Coordinator-Lab";
			sourceTree = "<group>";
		};
		07EBDCED2B58F5D500A10A99 /* Coordinator */ = {
			isa = PBXGroup;
			children = (
				07EBDCEE2B58F5E500A10A99 /* Coordinator.swift */,
				07EBDCF02B58F73900A10A99 /* AppCoordinator.swift */,
				07EBDCF52B58FCED00A10A99 /* HomeCoordinator.swift */,
				07EBDCF72B58FFF700A10A99 /* TrackingCoordinator.swift */,
				07EBDD012B59071900A10A99 /* CalendarCoordinator.swift */,
				07EBDD032B59095000A10A99 /* BlockCoordinator.swift */,
			);
			path = Coordinator;
			sourceTree = "<group>";
		};
		07EBDCF22B58F89100A10A99 /* ViewController */ = {
			isa = PBXGroup;
			children = (
				07EBDCDD2B58F0C800A10A99 /* HomeViewController.swift */,
				07EBDCF32B58FB9300A10A99 /* TrackingViewController.swift */,
				07EBDCFF2B59070100A10A99 /* CalendarViewController.swift */,
				07EBDD052B59096C00A10A99 /* BlockViewController.swift */,
			);
			path = ViewController;
			sourceTree = "<group>";
		};
		07EBDCF92B5900C200A10A99 /* Component */ = {
			isa = PBXGroup;
			children = (
				07EBDCFA2B5900D400A10A99 /* TestViewController.swift */,
			);
			path = Component;
			sourceTree = "<group>";
		};
/* End PBXGroup section */

/* Begin PBXNativeTarget section */
		07EBDCD52B58F0C800A10A99 /* Coordinator-Lab */ = {
			isa = PBXNativeTarget;
			buildConfigurationList = 07EBDCEA2B58F0CA00A10A99 /* Build configuration list for PBXNativeTarget "Coordinator-Lab" */;
			buildPhases = (
				07EBDCD22B58F0C800A10A99 /* Sources */,
				07EBDCD32B58F0C800A10A99 /* Frameworks */,
				07EBDCD42B58F0C800A10A99 /* Resources */,
			);
			buildRules = (
			);
			dependencies = (
			);
			name = "Coordinator-Lab";
			packageProductDependencies = (
				07EBDCFD2B59010B00A10A99 /* SnapKit */,
			);
			productName = "Coordinator-Lab";
			productReference = 07EBDCD62B58F0C800A10A99 /* Coordinator-Lab.app */;
			productType = "com.apple.product-type.application";
		};
/* End PBXNativeTarget section */

/* Begin PBXProject section */
		07EBDCCE2B58F0C800A10A99 /* Project object */ = {
			isa = PBXProject;
			attributes = {
				BuildIndependentTargetsInParallel = 1;
				LastSwiftUpdateCheck = 1520;
				LastUpgradeCheck = 1520;
				TargetAttributes = {
					07EBDCD52B58F0C800A10A99 = {
						CreatedOnToolsVersion = 15.2;
					};
				};
			};
			buildConfigurationList = 07EBDCD12B58F0C800A10A99 /* Build configuration list for PBXProject "Coordinator-Lab" */;
			compatibilityVersion = "Xcode 14.0";
			developmentRegion = en;
			hasScannedForEncodings = 0;
			knownRegions = (
				en,
				Base,
			);
			mainGroup = 07EBDCCD2B58F0C800A10A99;
			packageReferences = (
				07EBDCFC2B59010B00A10A99 /* XCRemoteSwiftPackageReference "SnapKit" */,
			);
			productRefGroup = 07EBDCD72B58F0C800A10A99 /* Products */;
			projectDirPath = "";
			projectRoot = "";
			targets = (
				07EBDCD52B58F0C800A10A99 /* Coordinator-Lab */,
			);
		};
/* End PBXProject section */

/* Begin PBXResourcesBuildPhase section */
		07EBDCD42B58F0C800A10A99 /* Resources */ = {
			isa = PBXResourcesBuildPhase;
			buildActionMask = 2147483647;
			files = (
				07EBDCE62B58F0CA00A10A99 /* LaunchScreen.storyboard in Resources */,
				07EBDCE32B58F0CA00A10A99 /* Assets.xcassets in Resources */,
			);
			runOnlyForDeploymentPostprocessing = 0;
		};
/* End PBXResourcesBuildPhase section */

/* Begin PBXSourcesBuildPhase section */
		07EBDCD22B58F0C800A10A99 /* Sources */ = {
			isa = PBXSourcesBuildPhase;
			buildActionMask = 2147483647;
			files = (
				07EBDD002B59070100A10A99 /* CalendarViewController.swift in Sources */,
				07EBDCEF2B58F5E500A10A99 /* Coordinator.swift in Sources */,
				07EBDCDE2B58F0C800A10A99 /* HomeViewController.swift in Sources */,
				07EBDCF12B58F73900A10A99 /* AppCoordinator.swift in Sources */,
				07EBDCF82B58FFF700A10A99 /* TrackingCoordinator.swift in Sources */,
				07EBDCF42B58FB9300A10A99 /* TrackingViewController.swift in Sources */,
				07EBDCDA2B58F0C800A10A99 /* AppDelegate.swift in Sources */,
				07EBDD022B59071900A10A99 /* CalendarCoordinator.swift in Sources */,
				07EBDD062B59096C00A10A99 /* BlockViewController.swift in Sources */,
				07EBDD042B59095000A10A99 /* BlockCoordinator.swift in Sources */,
				07EBDCF62B58FCED00A10A99 /* HomeCoordinator.swift in Sources */,
				07EBDCFB2B5900D400A10A99 /* TestViewController.swift in Sources */,
				07EBDCDC2B58F0C800A10A99 /* SceneDelegate.swift in Sources */,
			);
			runOnlyForDeploymentPostprocessing = 0;
		};
/* End PBXSourcesBuildPhase section */

/* Begin PBXVariantGroup section */
		07EBDCE42B58F0CA00A10A99 /* LaunchScreen.storyboard */ = {
			isa = PBXVariantGroup;
			children = (
				07EBDCE52B58F0CA00A10A99 /* Base */,
			);
			name = LaunchScreen.storyboard;
			sourceTree = "<group>";
		};
/* End PBXVariantGroup section */

/* Begin XCBuildConfiguration section */
		07EBDCE82B58F0CA00A10A99 /* Debug */ = {
			isa = XCBuildConfiguration;
			buildSettings = {
				ALWAYS_SEARCH_USER_PATHS = NO;
				ASSETCATALOG_COMPILER_GENERATE_SWIFT_ASSET_SYMBOL_EXTENSIONS = YES;
				CLANG_ANALYZER_NONNULL = YES;
				CLANG_ANALYZER_NUMBER_OBJECT_CONVERSION = YES_AGGRESSIVE;
				CLANG_CXX_LANGUAGE_STANDARD = "gnu++20";
				CLANG_ENABLE_MODULES = YES;
				CLANG_ENABLE_OBJC_ARC = YES;
				CLANG_ENABLE_OBJC_WEAK = YES;
				CLANG_WARN_BLOCK_CAPTURE_AUTORELEASING = YES;
				CLANG_WARN_BOOL_CONVERSION = YES;
				CLANG_WARN_COMMA = YES;
				CLANG_WARN_CONSTANT_CONVERSION = YES;
				CLANG_WARN_DEPRECATED_OBJC_IMPLEMENTATIONS = YES;
				CLANG_WARN_DIRECT_OBJC_ISA_USAGE = YES_ERROR;
				CLANG_WARN_DOCUMENTATION_COMMENTS = YES;
				CLANG_WARN_EMPTY_BODY = YES;
				CLANG_WARN_ENUM_CONVERSION = YES;
				CLANG_WARN_INFINITE_RECURSION = YES;
				CLANG_WARN_INT_CONVERSION = YES;
				CLANG_WARN_NON_LITERAL_NULL_CONVERSION = YES;
				CLANG_WARN_OBJC_IMPLICIT_RETAIN_SELF = YES;
				CLANG_WARN_OBJC_LITERAL_CONVERSION = YES;
				CLANG_WARN_OBJC_ROOT_CLASS = YES_ERROR;
				CLANG_WARN_QUOTED_INCLUDE_IN_FRAMEWORK_HEADER = YES;
				CLANG_WARN_RANGE_LOOP_ANALYSIS = YES;
				CLANG_WARN_STRICT_PROTOTYPES = YES;
				CLANG_WARN_SUSPICIOUS_MOVE = YES;
				CLANG_WARN_UNGUARDED_AVAILABILITY = YES_AGGRESSIVE;
				CLANG_WARN_UNREACHABLE_CODE = YES;
				CLANG_WARN__DUPLICATE_METHOD_MATCH = YES;
				COPY_PHASE_STRIP = NO;
				DEBUG_INFORMATION_FORMAT = dwarf;
				ENABLE_STRICT_OBJC_MSGSEND = YES;
				ENABLE_TESTABILITY = YES;
				ENABLE_USER_SCRIPT_SANDBOXING = YES;
				GCC_C_LANGUAGE_STANDARD = gnu17;
				GCC_DYNAMIC_NO_PIC = NO;
				GCC_NO_COMMON_BLOCKS = YES;
				GCC_OPTIMIZATION_LEVEL = 0;
				GCC_PREPROCESSOR_DEFINITIONS = (
					"DEBUG=1",
					"$(inherited)",
				);
				GCC_WARN_64_TO_32_BIT_CONVERSION = YES;
				GCC_WARN_ABOUT_RETURN_TYPE = YES_ERROR;
				GCC_WARN_UNDECLARED_SELECTOR = YES;
				GCC_WARN_UNINITIALIZED_AUTOS = YES_AGGRESSIVE;
				GCC_WARN_UNUSED_FUNCTION = YES;
				GCC_WARN_UNUSED_VARIABLE = YES;
				IPHONEOS_DEPLOYMENT_TARGET = 17.2;
				LOCALIZATION_PREFERS_STRING_CATALOGS = YES;
				MTL_ENABLE_DEBUG_INFO = INCLUDE_SOURCE;
				MTL_FAST_MATH = YES;
				ONLY_ACTIVE_ARCH = YES;
				SDKROOT = iphoneos;
				SWIFT_ACTIVE_COMPILATION_CONDITIONS = "DEBUG $(inherited)";
				SWIFT_OPTIMIZATION_LEVEL = "-Onone";
			};
			name = Debug;
		};
		07EBDCE92B58F0CA00A10A99 /* Release */ = {
			isa = XCBuildConfiguration;
			buildSettings = {
				ALWAYS_SEARCH_USER_PATHS = NO;
				ASSETCATALOG_COMPILER_GENERATE_SWIFT_ASSET_SYMBOL_EXTENSIONS = YES;
				CLANG_ANALYZER_NONNULL = YES;
				CLANG_ANALYZER_NUMBER_OBJECT_CONVERSION = YES_AGGRESSIVE;
				CLANG_CXX_LANGUAGE_STANDARD = "gnu++20";
				CLANG_ENABLE_MODULES = YES;
				CLANG_ENABLE_OBJC_ARC = YES;
				CLANG_ENABLE_OBJC_WEAK = YES;
				CLANG_WARN_BLOCK_CAPTURE_AUTORELEASING = YES;
				CLANG_WARN_BOOL_CONVERSION = YES;
				CLANG_WARN_COMMA = YES;
				CLANG_WARN_CONSTANT_CONVERSION = YES;
				CLANG_WARN_DEPRECATED_OBJC_IMPLEMENTATIONS = YES;
				CLANG_WARN_DIRECT_OBJC_ISA_USAGE = YES_ERROR;
				CLANG_WARN_DOCUMENTATION_COMMENTS = YES;
				CLANG_WARN_EMPTY_BODY = YES;
				CLANG_WARN_ENUM_CONVERSION = YES;
				CLANG_WARN_INFINITE_RECURSION = YES;
				CLANG_WARN_INT_CONVERSION = YES;
				CLANG_WARN_NON_LITERAL_NULL_CONVERSION = YES;
				CLANG_WARN_OBJC_IMPLICIT_RETAIN_SELF = YES;
				CLANG_WARN_OBJC_LITERAL_CONVERSION = YES;
				CLANG_WARN_OBJC_ROOT_CLASS = YES_ERROR;
				CLANG_WARN_QUOTED_INCLUDE_IN_FRAMEWORK_HEADER = YES;
				CLANG_WARN_RANGE_LOOP_ANALYSIS = YES;
				CLANG_WARN_STRICT_PROTOTYPES = YES;
				CLANG_WARN_SUSPICIOUS_MOVE = YES;
				CLANG_WARN_UNGUARDED_AVAILABILITY = YES_AGGRESSIVE;
				CLANG_WARN_UNREACHABLE_CODE = YES;
				CLANG_WARN__DUPLICATE_METHOD_MATCH = YES;
				COPY_PHASE_STRIP = NO;
				DEBUG_INFORMATION_FORMAT = "dwarf-with-dsym";
				ENABLE_NS_ASSERTIONS = NO;
				ENABLE_STRICT_OBJC_MSGSEND = YES;
				ENABLE_USER_SCRIPT_SANDBOXING = YES;
				GCC_C_LANGUAGE_STANDARD = gnu17;
				GCC_NO_COMMON_BLOCKS = YES;
				GCC_WARN_64_TO_32_BIT_CONVERSION = YES;
				GCC_WARN_ABOUT_RETURN_TYPE = YES_ERROR;
				GCC_WARN_UNDECLARED_SELECTOR = YES;
				GCC_WARN_UNINITIALIZED_AUTOS = YES_AGGRESSIVE;
				GCC_WARN_UNUSED_FUNCTION = YES;
				GCC_WARN_UNUSED_VARIABLE = YES;
				IPHONEOS_DEPLOYMENT_TARGET = 17.2;
				LOCALIZATION_PREFERS_STRING_CATALOGS = YES;
				MTL_ENABLE_DEBUG_INFO = NO;
				MTL_FAST_MATH = YES;
				SDKROOT = iphoneos;
				SWIFT_COMPILATION_MODE = wholemodule;
				VALIDATE_PRODUCT = YES;
			};
			name = Release;
		};
		07EBDCEB2B58F0CA00A10A99 /* Debug */ = {
			isa = XCBuildConfiguration;
			buildSettings = {
				ASSETCATALOG_COMPILER_APPICON_NAME = AppIcon;
				ASSETCATALOG_COMPILER_GLOBAL_ACCENT_COLOR_NAME = AccentColor;
				CODE_SIGN_STYLE = Automatic;
				CURRENT_PROJECT_VERSION = 1;
				DEVELOPMENT_TEAM = 9XG4S4XZWN;
				GENERATE_INFOPLIST_FILE = YES;
				INFOPLIST_FILE = "Coordinator-Lab/Info.plist";
				INFOPLIST_KEY_UIApplicationSupportsIndirectInputEvents = YES;
				INFOPLIST_KEY_UILaunchStoryboardName = LaunchScreen;
				INFOPLIST_KEY_UISupportedInterfaceOrientations = UIInterfaceOrientationPortrait;
				INFOPLIST_KEY_UISupportedInterfaceOrientations_iPad = "UIInterfaceOrientationLandscapeLeft UIInterfaceOrientationLandscapeRight UIInterfaceOrientationPortrait UIInterfaceOrientationPortraitUpsideDown";
				LD_RUNPATH_SEARCH_PATHS = (
					"$(inherited)",
					"@executable_path/Frameworks",
				);
				MARKETING_VERSION = 1.0;
				PRODUCT_BUNDLE_IDENTIFIER = "com.thinkyside.Coordinator-Lab";
				PRODUCT_NAME = "$(TARGET_NAME)";
				SUPPORTED_PLATFORMS = "iphoneos iphonesimulator";
				SUPPORTS_MACCATALYST = NO;
				SUPPORTS_MAC_DESIGNED_FOR_IPHONE_IPAD = NO;
				SUPPORTS_XR_DESIGNED_FOR_IPHONE_IPAD = NO;
				SWIFT_EMIT_LOC_STRINGS = YES;
				SWIFT_VERSION = 5.0;
				TARGETED_DEVICE_FAMILY = 1;
			};
			name = Debug;
		};
		07EBDCEC2B58F0CA00A10A99 /* Release */ = {
			isa = XCBuildConfiguration;
			buildSettings = {
				ASSETCATALOG_COMPILER_APPICON_NAME = AppIcon;
				ASSETCATALOG_COMPILER_GLOBAL_ACCENT_COLOR_NAME = AccentColor;
				CODE_SIGN_STYLE = Automatic;
				CURRENT_PROJECT_VERSION = 1;
				DEVELOPMENT_TEAM = 9XG4S4XZWN;
				GENERATE_INFOPLIST_FILE = YES;
				INFOPLIST_FILE = "Coordinator-Lab/Info.plist";
				INFOPLIST_KEY_UIApplicationSupportsIndirectInputEvents = YES;
				INFOPLIST_KEY_UILaunchStoryboardName = LaunchScreen;
				INFOPLIST_KEY_UISupportedInterfaceOrientations = UIInterfaceOrientationPortrait;
				INFOPLIST_KEY_UISupportedInterfaceOrientations_iPad = "UIInterfaceOrientationLandscapeLeft UIInterfaceOrientationLandscapeRight UIInterfaceOrientationPortrait UIInterfaceOrientationPortraitUpsideDown";
				LD_RUNPATH_SEARCH_PATHS = (
					"$(inherited)",
					"@executable_path/Frameworks",
				);
				MARKETING_VERSION = 1.0;
				PRODUCT_BUNDLE_IDENTIFIER = "com.thinkyside.Coordinator-Lab";
				PRODUCT_NAME = "$(TARGET_NAME)";
				SUPPORTED_PLATFORMS = "iphoneos iphonesimulator";
				SUPPORTS_MACCATALYST = NO;
				SUPPORTS_MAC_DESIGNED_FOR_IPHONE_IPAD = NO;
				SUPPORTS_XR_DESIGNED_FOR_IPHONE_IPAD = NO;
				SWIFT_EMIT_LOC_STRINGS = YES;
				SWIFT_VERSION = 5.0;
				TARGETED_DEVICE_FAMILY = 1;
			};
			name = Release;
		};
/* End XCBuildConfiguration section */

/* Begin XCConfigurationList section */
		07EBDCD12B58F0C800A10A99 /* Build configuration list for PBXProject "Coordinator-Lab" */ = {
			isa = XCConfigurationList;
			buildConfigurations = (
				07EBDCE82B58F0CA00A10A99 /* Debug */,
				07EBDCE92B58F0CA00A10A99 /* Release */,
			);
			defaultConfigurationIsVisible = 0;
			defaultConfigurationName = Release;
		};
		07EBDCEA2B58F0CA00A10A99 /* Build configuration list for PBXNativeTarget "Coordinator-Lab" */ = {
			isa = XCConfigurationList;
			buildConfigurations = (
				07EBDCEB2B58F0CA00A10A99 /* Debug */,
				07EBDCEC2B58F0CA00A10A99 /* Release */,
			);
			defaultConfigurationIsVisible = 0;
			defaultConfigurationName = Release;
		};
/* End XCConfigurationList section */

/* Begin XCRemoteSwiftPackageReference section */
		07EBDCFC2B59010B00A10A99 /* XCRemoteSwiftPackageReference "SnapKit" */ = {
			isa = XCRemoteSwiftPackageReference;
			repositoryURL = "https://github.com/SnapKit/SnapKit";
			requirement = {
				kind = upToNextMajorVersion;
				minimumVersion = 5.7.0;
			};
		};
/* End XCRemoteSwiftPackageReference section */

/* Begin XCSwiftPackageProductDependency section */
		07EBDCFD2B59010B00A10A99 /* SnapKit */ = {
			isa = XCSwiftPackageProductDependency;
			package = 07EBDCFC2B59010B00A10A99 /* XCRemoteSwiftPackageReference "SnapKit" */;
			productName = SnapKit;
		};
/* End XCSwiftPackageProductDependency section */
	};
	rootObject = 07EBDCCE2B58F0C800A10A99 /* Project object */;
}
